// !$*UTF8*$!
{
	archiveVersion = 1;
	classes = {
	};
	objectVersion = 50;
	objects = {

/* Begin PBXBuildFile section */
		9C302D4221537442009EA74E /* Coordinate.swift in Sources */ = {isa = PBXBuildFile; fileRef = 9C302D4121537442009EA74E /* Coordinate.swift */; };
		9C302D452153A70C009EA74E /* DataService.swift in Sources */ = {isa = PBXBuildFile; fileRef = 9C302D442153A70C009EA74E /* DataService.swift */; };
		9C6EBAA52152D01300D5BCE9 /* AppDelegate.swift in Sources */ = {isa = PBXBuildFile; fileRef = 9C6EBAA42152D01300D5BCE9 /* AppDelegate.swift */; };
		9C6EBAA72152D01300D5BCE9 /* MapViewController.swift in Sources */ = {isa = PBXBuildFile; fileRef = 9C6EBAA62152D01300D5BCE9 /* MapViewController.swift */; };
		9C6EBAAA2152D01300D5BCE9 /* Main.storyboard in Resources */ = {isa = PBXBuildFile; fileRef = 9C6EBAA82152D01300D5BCE9 /* Main.storyboard */; };
		9C6EBAAC2152D01400D5BCE9 /* Assets.xcassets in Resources */ = {isa = PBXBuildFile; fileRef = 9C6EBAAB2152D01400D5BCE9 /* Assets.xcassets */; };
		9C6EBAAF2152D01400D5BCE9 /* LaunchScreen.storyboard in Resources */ = {isa = PBXBuildFile; fileRef = 9C6EBAAD2152D01400D5BCE9 /* LaunchScreen.storyboard */; };
		B83A57FE2798C92C0C6FE883 /* Pods_route_tracker.framework in Frameworks */ = {isa = PBXBuildFile; fileRef = 0201A2193FC349FF8A2F7754 /* Pods_route_tracker.framework */; };
/* End PBXBuildFile section */

/* Begin PBXFileReference section */
		0201A2193FC349FF8A2F7754 /* Pods_route_tracker.framework */ = {isa = PBXFileReference; explicitFileType = wrapper.framework; includeInIndex = 0; path = Pods_route_tracker.framework; sourceTree = BUILT_PRODUCTS_DIR; };
		45C3196D942D0B0AFBDB360D /* Pods-route-tracker.release.xcconfig */ = {isa = PBXFileReference; includeInIndex = 1; lastKnownFileType = text.xcconfig; name = "Pods-route-tracker.release.xcconfig"; path = "Pods/Target Support Files/Pods-route-tracker/Pods-route-tracker.release.xcconfig"; sourceTree = "<group>"; };
		72FB4085F045619C8565C8F6 /* Pods-route-tracker.debug.xcconfig */ = {isa = PBXFileReference; includeInIndex = 1; lastKnownFileType = text.xcconfig; name = "Pods-route-tracker.debug.xcconfig"; path = "Pods/Target Support Files/Pods-route-tracker/Pods-route-tracker.debug.xcconfig"; sourceTree = "<group>"; };
		9C302D4121537442009EA74E /* Coordinate.swift */ = {isa = PBXFileReference; lastKnownFileType = sourcecode.swift; path = Coordinate.swift; sourceTree = "<group>"; };
		9C302D442153A70C009EA74E /* DataService.swift */ = {isa = PBXFileReference; lastKnownFileType = sourcecode.swift; path = DataService.swift; sourceTree = "<group>"; };
		9C6EBAA12152D01300D5BCE9 /* route-tracker.app */ = {isa = PBXFileReference; explicitFileType = wrapper.application; includeInIndex = 0; path = "route-tracker.app"; sourceTree = BUILT_PRODUCTS_DIR; };
		9C6EBAA42152D01300D5BCE9 /* AppDelegate.swift */ = {isa = PBXFileReference; lastKnownFileType = sourcecode.swift; path = AppDelegate.swift; sourceTree = "<group>"; };
		9C6EBAA62152D01300D5BCE9 /* MapViewController.swift */ = {isa = PBXFileReference; lastKnownFileType = sourcecode.swift; path = MapViewController.swift; sourceTree = "<group>"; };
		9C6EBAA92152D01300D5BCE9 /* Base */ = {isa = PBXFileReference; lastKnownFileType = file.storyboard; name = Base; path = Base.lproj/Main.storyboard; sourceTree = "<group>"; };
		9C6EBAAB2152D01400D5BCE9 /* Assets.xcassets */ = {isa = PBXFileReference; lastKnownFileType = folder.assetcatalog; path = Assets.xcassets; sourceTree = "<group>"; };
		9C6EBAAE2152D01400D5BCE9 /* Base */ = {isa = PBXFileReference; lastKnownFileType = file.storyboard; name = Base; path = Base.lproj/LaunchScreen.storyboard; sourceTree = "<group>"; };
		9C6EBAB02152D01400D5BCE9 /* Info.plist */ = {isa = PBXFileReference; lastKnownFileType = text.plist.xml; path = Info.plist; sourceTree = "<group>"; };
/* End PBXFileReference section */

/* Begin PBXFrameworksBuildPhase section */
		9C6EBA9E2152D01300D5BCE9 /* Frameworks */ = {
			isa = PBXFrameworksBuildPhase;
			buildActionMask = 2147483647;
			files = (
				B83A57FE2798C92C0C6FE883 /* Pods_route_tracker.framework in Frameworks */,
			);
			runOnlyForDeploymentPostprocessing = 0;
		};
/* End PBXFrameworksBuildPhase section */

/* Begin PBXGroup section */
		3AC7F7542D8663231E36C15C /* Frameworks */ = {
			isa = PBXGroup;
			children = (
				0201A2193FC349FF8A2F7754 /* Pods_route_tracker.framework */,
			);
			name = Frameworks;
			sourceTree = "<group>";
		};
		9C302D3E21537104009EA74E /* Model */ = {
			isa = PBXGroup;
			children = (
				9C302D4121537442009EA74E /* Coordinate.swift */,
			);
			path = Model;
			sourceTree = "<group>";
		};
		9C302D3F21537109009EA74E /* View */ = {
			isa = PBXGroup;
			children = (
			);
			path = View;
			sourceTree = "<group>";
		};
		9C302D4021537117009EA74E /* Controller */ = {
			isa = PBXGroup;
			children = (
				9C6EBAA62152D01300D5BCE9 /* MapViewController.swift */,
			);
			path = Controller;
			sourceTree = "<group>";
		};
		9C302D432153A6FD009EA74E /* Services */ = {
			isa = PBXGroup;
			children = (
				9C302D442153A70C009EA74E /* DataService.swift */,
			);
			path = Services;
			sourceTree = "<group>";
		};
		9C6EBA982152D01300D5BCE9 = {
			isa = PBXGroup;
			children = (
				9C6EBAA32152D01300D5BCE9 /* route-tracker */,
				9C6EBAA22152D01300D5BCE9 /* Products */,
				FF326E551D15AF0CC9DEAEDF /* Pods */,
				3AC7F7542D8663231E36C15C /* Frameworks */,
			);
			sourceTree = "<group>";
		};
		9C6EBAA22152D01300D5BCE9 /* Products */ = {
			isa = PBXGroup;
			children = (
				9C6EBAA12152D01300D5BCE9 /* route-tracker.app */,
			);
			name = Products;
			sourceTree = "<group>";
		};
		9C6EBAA32152D01300D5BCE9 /* route-tracker */ = {
			isa = PBXGroup;
			children = (
				9C302D432153A6FD009EA74E /* Services */,
				9C302D3E21537104009EA74E /* Model */,
				9C302D3F21537109009EA74E /* View */,
				9C302D4021537117009EA74E /* Controller */,
				9C6EBAA42152D01300D5BCE9 /* AppDelegate.swift */,
				9C6EBAA82152D01300D5BCE9 /* Main.storyboard */,
				9C6EBAAB2152D01400D5BCE9 /* Assets.xcassets */,
				9C6EBAAD2152D01400D5BCE9 /* LaunchScreen.storyboard */,
				9C6EBAB02152D01400D5BCE9 /* Info.plist */,
			);
			path = "route-tracker";
			sourceTree = "<group>";
		};
		FF326E551D15AF0CC9DEAEDF /* Pods */ = {
			isa = PBXGroup;
			children = (
				72FB4085F045619C8565C8F6 /* Pods-route-tracker.debug.xcconfig */,
				45C3196D942D0B0AFBDB360D /* Pods-route-tracker.release.xcconfig */,
			);
			name = Pods;
			sourceTree = "<group>";
		};
/* End PBXGroup section */

/* Begin PBXNativeTarget section */
		9C6EBAA02152D01300D5BCE9 /* route-tracker */ = {
			isa = PBXNativeTarget;
			buildConfigurationList = 9C6EBAB32152D01400D5BCE9 /* Build configuration list for PBXNativeTarget "route-tracker" */;
			buildPhases = (
				41041735DD0E41268AA9D08C /* [CP] Check Pods Manifest.lock */,
				9C6EBA9D2152D01300D5BCE9 /* Sources */,
				9C6EBA9E2152D01300D5BCE9 /* Frameworks */,
				9C6EBA9F2152D01300D5BCE9 /* Resources */,
				0610D48695FCDBB482EF1459 /* [CP] Copy Pods Resources */,
				D444E9AC36E02EBFDBD8C81E /* [CP] Embed Pods Frameworks */,
			);
			buildRules = (
			);
			dependencies = (
			);
			name = "route-tracker";
			productName = "route-tracker";
			productReference = 9C6EBAA12152D01300D5BCE9 /* route-tracker.app */;
			productType = "com.apple.product-type.application";
		};
/* End PBXNativeTarget section */

/* Begin PBXProject section */
		9C6EBA992152D01300D5BCE9 /* Project object */ = {
			isa = PBXProject;
			attributes = {
				LastSwiftUpdateCheck = 1000;
				LastUpgradeCheck = 1000;
				ORGANIZATIONNAME = "Igor Chernyshov";
				TargetAttributes = {
					9C6EBAA02152D01300D5BCE9 = {
						CreatedOnToolsVersion = 10.0;
						SystemCapabilities = {
							com.apple.BackgroundModes = {
								enabled = 1;
							};
						};
					};
				};
			};
			buildConfigurationList = 9C6EBA9C2152D01300D5BCE9 /* Build configuration list for PBXProject "route-tracker" */;
			compatibilityVersion = "Xcode 9.3";
			developmentRegion = en;
			hasScannedForEncodings = 0;
			knownRegions = (
				en,
				Base,
			);
			mainGroup = 9C6EBA982152D01300D5BCE9;
			productRefGroup = 9C6EBAA22152D01300D5BCE9 /* Products */;
			projectDirPath = "";
			projectRoot = "";
			targets = (
				9C6EBAA02152D01300D5BCE9 /* route-tracker */,
			);
		};
/* End PBXProject section */

/* Begin PBXResourcesBuildPhase section */
		9C6EBA9F2152D01300D5BCE9 /* Resources */ = {
			isa = PBXResourcesBuildPhase;
			buildActionMask = 2147483647;
			files = (
				9C6EBAAF2152D01400D5BCE9 /* LaunchScreen.storyboard in Resources */,
				9C6EBAAC2152D01400D5BCE9 /* Assets.xcassets in Resources */,
				9C6EBAAA2152D01300D5BCE9 /* Main.storyboard in Resources */,
			);
			runOnlyForDeploymentPostprocessing = 0;
		};
/* End PBXResourcesBuildPhase section */

/* Begin PBXShellScriptBuildPhase section */
		0610D48695FCDBB482EF1459 /* [CP] Copy Pods Resources */ = {
			isa = PBXShellScriptBuildPhase;
			buildActionMask = 2147483647;
			files = (
			);
			inputPaths = (
				"${SRCROOT}/Pods/Target Support Files/Pods-route-tracker/Pods-route-tracker-resources.sh",
				"${PODS_ROOT}/GoogleMaps/Maps/Frameworks/GoogleMaps.framework/Resources/GoogleMaps.bundle",
			);
			name = "[CP] Copy Pods Resources";
			outputPaths = (
				"${TARGET_BUILD_DIR}/${UNLOCALIZED_RESOURCES_FOLDER_PATH}/GoogleMaps.bundle",
			);
			runOnlyForDeploymentPostprocessing = 0;
			shellPath = /bin/sh;
			shellScript = "\"${SRCROOT}/Pods/Target Support Files/Pods-route-tracker/Pods-route-tracker-resources.sh\"\n";
			showEnvVarsInLog = 0;
		};
		41041735DD0E41268AA9D08C /* [CP] Check Pods Manifest.lock */ = {
			isa = PBXShellScriptBuildPhase;
			buildActionMask = 2147483647;
			files = (
			);
			inputPaths = (
				"${PODS_PODFILE_DIR_PATH}/Podfile.lock",
				"${PODS_ROOT}/Manifest.lock",
			);
			name = "[CP] Check Pods Manifest.lock";
			outputPaths = (
				"$(DERIVED_FILE_DIR)/Pods-route-tracker-checkManifestLockResult.txt",
			);
			runOnlyForDeploymentPostprocessing = 0;
			shellPath = /bin/sh;
			shellScript = "diff \"${PODS_PODFILE_DIR_PATH}/Podfile.lock\" \"${PODS_ROOT}/Manifest.lock\" > /dev/null\nif [ $? != 0 ] ; then\n    # print error to STDERR\n    echo \"error: The sandbox is not in sync with the Podfile.lock. Run 'pod install' or update your CocoaPods installation.\" >&2\n    exit 1\nfi\n# This output is used by Xcode 'outputs' to avoid re-running this script phase.\necho \"SUCCESS\" > \"${SCRIPT_OUTPUT_FILE_0}\"\n";
			showEnvVarsInLog = 0;
		};
		D444E9AC36E02EBFDBD8C81E /* [CP] Embed Pods Frameworks */ = {
			isa = PBXShellScriptBuildPhase;
			buildActionMask = 2147483647;
			files = (
			);
			inputPaths = (
				"${SRCROOT}/Pods/Target Support Files/Pods-route-tracker/Pods-route-tracker-frameworks.sh",
				"${BUILT_PRODUCTS_DIR}/Realm/Realm.framework",
				"${BUILT_PRODUCTS_DIR}/RealmSwift/RealmSwift.framework",
			);
			name = "[CP] Embed Pods Frameworks";
			outputPaths = (
				"${TARGET_BUILD_DIR}/${FRAMEWORKS_FOLDER_PATH}/Realm.framework",
				"${TARGET_BUILD_DIR}/${FRAMEWORKS_FOLDER_PATH}/RealmSwift.framework",
			);
			runOnlyForDeploymentPostprocessing = 0;
			shellPath = /bin/sh;
			shellScript = "\"${SRCROOT}/Pods/Target Support Files/Pods-route-tracker/Pods-route-tracker-frameworks.sh\"\n";
			showEnvVarsInLog = 0;
		};
/* End PBXShellScriptBuildPhase section */

/* Begin PBXSourcesBuildPhase section */
		9C6EBA9D2152D01300D5BCE9 /* Sources */ = {
			isa = PBXSourcesBuildPhase;
			buildActionMask = 2147483647;
			files = (
				9C6EBAA72152D01300D5BCE9 /* MapViewController.swift in Sources */,
				9C6EBAA52152D01300D5BCE9 /* AppDelegate.swift in Sources */,
				9C302D4221537442009EA74E /* Coordinate.swift in Sources */,
				9C302D452153A70C009EA74E /* DataService.swift in Sources */,
			);
			runOnlyForDeploymentPostprocessing = 0;
		};
/* End PBXSourcesBuildPhase section */

/* Begin PBXVariantGroup section */
		9C6EBAA82152D01300D5BCE9 /* Main.storyboard */ = {
			isa = PBXVariantGroup;
			children = (
				9C6EBAA92152D01300D5BCE9 /* Base */,
			);
			name = Main.storyboard;
			sourceTree = "<group>";
		};
		9C6EBAAD2152D01400D5BCE9 /* LaunchScreen.storyboard */ = {
			isa = PBXVariantGroup;
			children = (
				9C6EBAAE2152D01400D5BCE9 /* Base */,
			);
			name = LaunchScreen.storyboard;
			sourceTree = "<group>";
		};
/* End PBXVariantGroup section */

/* Begin XCBuildConfiguration section */
		9C6EBAB12152D01400D5BCE9 /* Debug */ = {
			isa = XCBuildConfiguration;
			buildSettings = {
				ALWAYS_SEARCH_USER_PATHS = NO;
				CLANG_ANALYZER_NONNULL = YES;
				CLANG_ANALYZER_NUMBER_OBJECT_CONVERSION = YES_AGGRESSIVE;
				CLANG_CXX_LANGUAGE_STANDARD = "gnu++14";
				CLANG_CXX_LIBRARY = "libc++";
				CLANG_ENABLE_MODULES = YES;
				CLANG_ENABLE_OBJC_ARC = YES;
				CLANG_ENABLE_OBJC_WEAK = YES;
				CLANG_WARN_BLOCK_CAPTURE_AUTORELEASING = YES;
				CLANG_WARN_BOOL_CONVERSION = YES;
				CLANG_WARN_COMMA = YES;
				CLANG_WARN_CONSTANT_CONVERSION = YES;
				CLANG_WARN_DEPRECATED_OBJC_IMPLEMENTATIONS = YES;
				CLANG_WARN_DIRECT_OBJC_ISA_USAGE = YES_ERROR;
				CLANG_WARN_DOCUMENTATION_COMMENTS = YES;
				CLANG_WARN_EMPTY_BODY = YES;
				CLANG_WARN_ENUM_CONVERSION = YES;
				CLANG_WARN_INFINITE_RECURSION = YES;
				CLANG_WARN_INT_CONVERSION = YES;
				CLANG_WARN_NON_LITERAL_NULL_CONVERSION = YES;
				CLANG_WARN_OBJC_IMPLICIT_RETAIN_SELF = YES;
				CLANG_WARN_OBJC_LITERAL_CONVERSION = YES;
				CLANG_WARN_OBJC_ROOT_CLASS = YES_ERROR;
				CLANG_WARN_RANGE_LOOP_ANALYSIS = YES;
				CLANG_WARN_STRICT_PROTOTYPES = YES;
				CLANG_WARN_SUSPICIOUS_MOVE = YES;
				CLANG_WARN_UNGUARDED_AVAILABILITY = YES_AGGRESSIVE;
				CLANG_WARN_UNREACHABLE_CODE = YES;
				CLANG_WARN__DUPLICATE_METHOD_MATCH = YES;
				CODE_SIGN_IDENTITY = "iPhone Developer";
				COPY_PHASE_STRIP = NO;
				DEBUG_INFORMATION_FORMAT = dwarf;
				ENABLE_STRICT_OBJC_MSGSEND = YES;
				ENABLE_TESTABILITY = YES;
				GCC_C_LANGUAGE_STANDARD = gnu11;
				GCC_DYNAMIC_NO_PIC = NO;
				GCC_NO_COMMON_BLOCKS = YES;
				GCC_OPTIMIZATION_LEVEL = 0;
				GCC_PREPROCESSOR_DEFINITIONS = (
					"DEBUG=1",
					"$(inherited)",
				);
				GCC_WARN_64_TO_32_BIT_CONVERSION = YES;
				GCC_WARN_ABOUT_RETURN_TYPE = YES_ERROR;
				GCC_WARN_UNDECLARED_SELECTOR = YES;
				GCC_WARN_UNINITIALIZED_AUTOS = YES_AGGRESSIVE;
				GCC_WARN_UNUSED_FUNCTION = YES;
				GCC_WARN_UNUSED_VARIABLE = YES;
				IPHONEOS_DEPLOYMENT_TARGET = 12.0;
				MTL_ENABLE_DEBUG_INFO = INCLUDE_SOURCE;
				MTL_FAST_MATH = YES;
				ONLY_ACTIVE_ARCH = YES;
				SDKROOT = iphoneos;
				SWIFT_ACTIVE_COMPILATION_CONDITIONS = DEBUG;
				SWIFT_OPTIMIZATION_LEVEL = "-Onone";
			};
			name = Debug;
		};
		9C6EBAB22152D01400D5BCE9 /* Release */ = {
			isa = XCBuildConfiguration;
			buildSettings = {
				ALWAYS_SEARCH_USER_PATHS = NO;
				CLANG_ANALYZER_NONNULL = YES;
				CLANG_ANALYZER_NUMBER_OBJECT_CONVERSION = YES_AGGRESSIVE;
				CLANG_CXX_LANGUAGE_STANDARD = "gnu++14";
				CLANG_CXX_LIBRARY = "libc++";
				CLANG_ENABLE_MODULES = YES;
				CLANG_ENABLE_OBJC_ARC = YES;
				CLANG_ENABLE_OBJC_WEAK = YES;
				CLANG_WARN_BLOCK_CAPTURE_AUTORELEASING = YES;
				CLANG_WARN_BOOL_CONVERSION = YES;
				CLANG_WARN_COMMA = YES;
				CLANG_WARN_CONSTANT_CONVERSION = YES;
				CLANG_WARN_DEPRECATED_OBJC_IMPLEMENTATIONS = YES;
				CLANG_WARN_DIRECT_OBJC_ISA_USAGE = YES_ERROR;
				CLANG_WARN_DOCUMENTATION_COMMENTS = YES;
				CLANG_WARN_EMPTY_BODY = YES;
				CLANG_WARN_ENUM_CONVERSION = YES;
				CLANG_WARN_INFINITE_RECURSION = YES;
				CLANG_WARN_INT_CONVERSION = YES;
				CLANG_WARN_NON_LITERAL_NULL_CONVERSION = YES;
				CLANG_WARN_OBJC_IMPLICIT_RETAIN_SELF = YES;
				CLANG_WARN_OBJC_LITERAL_CONVERSION = YES;
				CLANG_WARN_OBJC_ROOT_CLASS = YES_ERROR;
				CLANG_WARN_RANGE_LOOP_ANALYSIS = YES;
				CLANG_WARN_STRICT_PROTOTYPES = YES;
				CLANG_WARN_SUSPICIOUS_MOVE = YES;
				CLANG_WARN_UNGUARDED_AVAILABILITY = YES_AGGRESSIVE;
				CLANG_WARN_UNREACHABLE_CODE = YES;
				CLANG_WARN__DUPLICATE_METHOD_MATCH = YES;
				CODE_SIGN_IDENTITY = "iPhone Developer";
				COPY_PHASE_STRIP = NO;
				DEBUG_INFORMATION_FORMAT = "dwarf-with-dsym";
				ENABLE_NS_ASSERTIONS = NO;
				ENABLE_STRICT_OBJC_MSGSEND = YES;
				GCC_C_LANGUAGE_STANDARD = gnu11;
				GCC_NO_COMMON_BLOCKS = YES;
				GCC_WARN_64_TO_32_BIT_CONVERSION = YES;
				GCC_WARN_ABOUT_RETURN_TYPE = YES_ERROR;
				GCC_WARN_UNDECLARED_SELECTOR = YES;
				GCC_WARN_UNINITIALIZED_AUTOS = YES_AGGRESSIVE;
				GCC_WARN_UNUSED_FUNCTION = YES;
				GCC_WARN_UNUSED_VARIABLE = YES;
				IPHONEOS_DEPLOYMENT_TARGET = 12.0;
				MTL_ENABLE_DEBUG_INFO = NO;
				MTL_FAST_MATH = YES;
				SDKROOT = iphoneos;
				SWIFT_COMPILATION_MODE = wholemodule;
				SWIFT_OPTIMIZATION_LEVEL = "-O";
				VALIDATE_PRODUCT = YES;
			};
			name = Release;
		};
		9C6EBAB42152D01400D5BCE9 /* Debug */ = {
			isa = XCBuildConfiguration;
			baseConfigurationReference = 72FB4085F045619C8565C8F6 /* Pods-route-tracker.debug.xcconfig */;
			buildSettings = {
				ASSETCATALOG_COMPILER_APPICON_NAME = AppIcon;
				CODE_SIGN_STYLE = Automatic;
				INFOPLIST_FILE = "route-tracker/Info.plist";
				LD_RUNPATH_SEARCH_PATHS = (
					"$(inherited)",
					"@executable_path/Frameworks",
				);
				PRODUCT_BUNDLE_IDENTIFIER = "com.frostfell.route-tracker";
				PRODUCT_NAME = "$(TARGET_NAME)";
				SWIFT_VERSION = 4.2;
				TARGETED_DEVICE_FAMILY = "1,2";
			};
			name = Debug;
		};
		9C6EBAB52152D01400D5BCE9 /* Release */ = {
			isa = XCBuildConfiguration;
			baseConfigurationReference = 45C3196D942D0B0AFBDB360D /* Pods-route-tracker.release.xcconfig */;
			buildSettings = {
				ASSETCATALOG_COMPILER_APPICON_NAME = AppIcon;
				CODE_SIGN_STYLE = Automatic;
				INFOPLIST_FILE = "route-tracker/Info.plist";
				LD_RUNPATH_SEARCH_PATHS = (
					"$(inherited)",
					"@executable_path/Frameworks",
				);
				PRODUCT_BUNDLE_IDENTIFIER = "com.frostfell.route-tracker";
				PRODUCT_NAME = "$(TARGET_NAME)";
				SWIFT_VERSION = 4.2;
				TARGETED_DEVICE_FAMILY = "1,2";
			};
			name = Release;
		};
/* End XCBuildConfiguration section */

/* Begin XCConfigurationList section */
		9C6EBA9C2152D01300D5BCE9 /* Build configuration list for PBXProject "route-tracker" */ = {
			isa = XCConfigurationList;
			buildConfigurations = (
				9C6EBAB12152D01400D5BCE9 /* Debug */,
				9C6EBAB22152D01400D5BCE9 /* Release */,
			);
			defaultConfigurationIsVisible = 0;
			defaultConfigurationName = Release;
		};
		9C6EBAB32152D01400D5BCE9 /* Build configuration list for PBXNativeTarget "route-tracker" */ = {
			isa = XCConfigurationList;
			buildConfigurations = (
				9C6EBAB42152D01400D5BCE9 /* Debug */,
				9C6EBAB52152D01400D5BCE9 /* Release */,
			);
			defaultConfigurationIsVisible = 0;
			defaultConfigurationName = Release;
		};
/* End XCConfigurationList section */
	};
	rootObject = 9C6EBA992152D01300D5BCE9 /* Project object */;
}
